// !$*UTF8*$!
{
	archiveVersion = 1;
	classes = {
	};
	objectVersion = 46;
	objects = {

/* Begin PBXBuildFile section */
		9FDB1F801E24E09A001BE022 /* AppDelegate.swift in Sources */ = {isa = PBXBuildFile; fileRef = 9FDB1F7F1E24E09A001BE022 /* AppDelegate.swift */; };
		9FDB1F821E24E09A001BE022 /* ViewController.swift in Sources */ = {isa = PBXBuildFile; fileRef = 9FDB1F811E24E09A001BE022 /* ViewController.swift */; };
		9FDB1F851E24E09A001BE022 /* Main.storyboard in Resources */ = {isa = PBXBuildFile; fileRef = 9FDB1F831E24E09A001BE022 /* Main.storyboard */; };
		9FDB1F871E24E09A001BE022 /* Assets.xcassets in Resources */ = {isa = PBXBuildFile; fileRef = 9FDB1F861E24E09A001BE022 /* Assets.xcassets */; };
		9FDB1F8A1E24E09A001BE022 /* LaunchScreen.storyboard in Resources */ = {isa = PBXBuildFile; fileRef = 9FDB1F881E24E09A001BE022 /* LaunchScreen.storyboard */; };
		9FDB1F951E24E17C001BE022 /* XMPopupListView.swift in Sources */ = {isa = PBXBuildFile; fileRef = 9FDB1F941E24E17C001BE022 /* XMPopupListView.swift */; };
/* End PBXBuildFile section */

/* Begin PBXFileReference section */
		9FDB1F7C1E24E09A001BE022 /* XMPopupListView_Swift.app */ = {isa = PBXFileReference; explicitFileType = wrapper.application; includeInIndex = 0; path = XMPopupListView_Swift.app; sourceTree = BUILT_PRODUCTS_DIR; };
		9FDB1F7F1E24E09A001BE022 /* AppDelegate.swift */ = {isa = PBXFileReference; lastKnownFileType = sourcecode.swift; path = AppDelegate.swift; sourceTree = "<group>"; };
		9FDB1F811E24E09A001BE022 /* ViewController.swift */ = {isa = PBXFileReference; lastKnownFileType = sourcecode.swift; path = ViewController.swift; sourceTree = "<group>"; };
		9FDB1F841E24E09A001BE022 /* Base */ = {isa = PBXFileReference; lastKnownFileType = file.storyboard; name = Base; path = Base.lproj/Main.storyboard; sourceTree = "<group>"; };
		9FDB1F861E24E09A001BE022 /* Assets.xcassets */ = {isa = PBXFileReference; lastKnownFileType = folder.assetcatalog; path = Assets.xcassets; sourceTree = "<group>"; };
		9FDB1F891E24E09A001BE022 /* Base */ = {isa = PBXFileReference; lastKnownFileType = file.storyboard; name = Base; path = Base.lproj/LaunchScreen.storyboard; sourceTree = "<group>"; };
		9FDB1F8B1E24E09A001BE022 /* Info.plist */ = {isa = PBXFileReference; lastKnownFileType = text.plist.xml; path = Info.plist; sourceTree = "<group>"; };
		9FDB1F941E24E17C001BE022 /* XMPopupListView.swift */ = {isa = PBXFileReference; fileEncoding = 4; lastKnownFileType = sourcecode.swift; path = XMPopupListView.swift; sourceTree = "<group>"; };
/* End PBXFileReference section */

/* Begin PBXFrameworksBuildPhase section */
		9FDB1F791E24E09A001BE022 /* Frameworks */ = {
			isa = PBXFrameworksBuildPhase;
			buildActionMask = 2147483647;
			files = (
			);
			runOnlyForDeploymentPostprocessing = 0;
		};
/* End PBXFrameworksBuildPhase section */

/* Begin PBXGroup section */
		9FDB1F731E24E09A001BE022 = {
			isa = PBXGroup;
			children = (
				9FDB1F7E1E24E09A001BE022 /* XMPopupListView_Swift */,
				9FDB1F7D1E24E09A001BE022 /* Products */,
			);
			sourceTree = "<group>";
		};
		9FDB1F7D1E24E09A001BE022 /* Products */ = {
			isa = PBXGroup;
			children = (
				9FDB1F7C1E24E09A001BE022 /* XMPopupListView_Swift.app */,
			);
			name = Products;
			sourceTree = "<group>";
		};
		9FDB1F7E1E24E09A001BE022 /* XMPopupListView_Swift */ = {
			isa = PBXGroup;
			children = (
				9FDB1F7F1E24E09A001BE022 /* AppDelegate.swift */,
				9FDB1F811E24E09A001BE022 /* ViewController.swift */,
				9FDB1F931E24E17C001BE022 /* XMPopupListView */,
				9FDB1F831E24E09A001BE022 /* Main.storyboard */,
				9FDB1F861E24E09A001BE022 /* Assets.xcassets */,
				9FDB1F881E24E09A001BE022 /* LaunchScreen.storyboard */,
				9FDB1F8B1E24E09A001BE022 /* Info.plist */,
			);
			path = XMPopupListView_Swift;
			sourceTree = "<group>";
		};
		9FDB1F931E24E17C001BE022 /* XMPopupListView */ = {
			isa = PBXGroup;
			children = (
				9FDB1F941E24E17C001BE022 /* XMPopupListView.swift */,
			);
			path = XMPopupListView;
			sourceTree = "<group>";
		};
/* End PBXGroup section */

/* Begin PBXNativeTarget section */
		9FDB1F7B1E24E09A001BE022 /* XMPopupListView_Swift */ = {
			isa = PBXNativeTarget;
			buildConfigurationList = 9FDB1F8E1E24E09A001BE022 /* Build configuration list for PBXNativeTarget "XMPopupListView_Swift" */;
			buildPhases = (
				9FDB1F781E24E09A001BE022 /* Sources */,
				9FDB1F791E24E09A001BE022 /* Frameworks */,
				9FDB1F7A1E24E09A001BE022 /* Resources */,
			);
			buildRules = (
			);
			dependencies = (
			);
			name = XMPopupListView_Swift;
			productName = XMPopupListView_Swift;
			productReference = 9FDB1F7C1E24E09A001BE022 /* XMPopupListView_Swift.app */;
			productType = "com.apple.product-type.application";
		};
/* End PBXNativeTarget section */

/* Begin PBXProject section */
		9FDB1F741E24E09A001BE022 /* Project object */ = {
			isa = PBXProject;
			attributes = {
				LastSwiftUpdateCheck = 0820;
				LastUpgradeCheck = 0820;
				ORGANIZATIONNAME = Mazy;
				TargetAttributes = {
					9FDB1F7B1E24E09A001BE022 = {
						CreatedOnToolsVersion = 8.2.1;
						ProvisioningStyle = Automatic;
					};
				};
			};
			buildConfigurationList = 9FDB1F771E24E09A001BE022 /* Build configuration list for PBXProject "XMPopupListView_Swift" */;
			compatibilityVersion = "Xcode 3.2";
			developmentRegion = English;
			hasScannedForEncodings = 0;
			knownRegions = (
				en,
				Base,
			);
			mainGroup = 9FDB1F731E24E09A001BE022;
			productRefGroup = 9FDB1F7D1E24E09A001BE022 /* Products */;
			projectDirPath = "";
			projectRoot = "";
			targets = (
				9FDB1F7B1E24E09A001BE022 /* XMPopupListView_Swift */,
			);
		};
/* End PBXProject section */

/* Begin PBXResourcesBuildPhase section */
		9FDB1F7A1E24E09A001BE022 /* Resources */ = {
			isa = PBXResourcesBuildPhase;
			buildActionMask = 2147483647;
			files = (
				9FDB1F8A1E24E09A001BE022 /* LaunchScreen.storyboard in Resources */,
				9FDB1F871E24E09A001BE022 /* Assets.xcassets in Resources */,
				9FDB1F851E24E09A001BE022 /* Main.storyboard in Resources */,
			);
			runOnlyForDeploymentPostprocessing = 0;
		};
/* End PBXResourcesBuildPhase section */

/* Begin PBXSourcesBuildPhase section */
		9FDB1F781E24E09A001BE022 /* Sources */ = {
			isa = PBXSourcesBuildPhase;
			buildActionMask = 2147483647;
			files = (
				9FDB1F951E24E17C001BE022 /* XMPopupListView.swift in Sources */,
				9FDB1F821E24E09A001BE022 /* ViewController.swift in Sources */,
				9FDB1F801E24E09A001BE022 /* AppDelegate.swift in Sources */,
			);
			runOnlyForDeploymentPostprocessing = 0;
		};
/* End PBXSourcesBuildPhase section */

/* Begin PBXVariantGroup section */
		9FDB1F831E24E09A001BE022 /* Main.storyboard */ = {
			isa = PBXVariantGroup;
			children = (
				9FDB1F841E24E09A001BE022 /* Base */,
			);
			name = Main.storyboard;
			sourceTree = "<group>";
		};
		9FDB1F881E24E09A001BE022 /* LaunchScreen.storyboard */ = {
			isa = PBXVariantGroup;
			children = (
				9FDB1F891E24E09A001BE022 /* Base */,
			);
			name = LaunchScreen.storyboard;
			sourceTree = "<group>";
		};
/* End PBXVariantGroup section */

/* Begin XCBuildConfiguration section */
		9FDB1F8C1E24E09A001BE022 /* Debug */ = {
			isa = XCBuildConfiguration;
			buildSettings = {
				ALWAYS_SEARCH_USER_PATHS = NO;
				CLANG_ANALYZER_NONNULL = YES;
				CLANG_CXX_LANGUAGE_STANDARD = "gnu++0x";
				CLANG_CXX_LIBRARY = "libc++";
				CLANG_ENABLE_MODULES = YES;
				CLANG_ENABLE_OBJC_ARC = YES;
				CLANG_WARN_BOOL_CONVERSION = YES;
				CLANG_WARN_CONSTANT_CONVERSION = YES;
				CLANG_WARN_DIRECT_OBJC_ISA_USAGE = YES_ERROR;
				CLANG_WARN_DOCUMENTATION_COMMENTS = YES;
				CLANG_WARN_EMPTY_BODY = YES;
				CLANG_WARN_ENUM_CONVERSION = YES;
				CLANG_WARN_INFINITE_RECURSION = YES;
				CLANG_WARN_INT_CONVERSION = YES;
				CLANG_WARN_OBJC_ROOT_CLASS = YES_ERROR;
				CLANG_WARN_SUSPICIOUS_MOVE = YES;
				CLANG_WARN_UNREACHABLE_CODE = YES;
				CLANG_WARN__DUPLICATE_METHOD_MATCH = YES;
				"CODE_SIGN_IDENTITY[sdk=iphoneos*]" = "iPhone Developer";
				COPY_PHASE_STRIP = NO;
				DEBUG_INFORMATION_FORMAT = dwarf;
				ENABLE_STRICT_OBJC_MSGSEND = YES;
				ENABLE_TESTABILITY = YES;
				GCC_C_LANGUAGE_STANDARD = gnu99;
				GCC_DYNAMIC_NO_PIC = NO;
				GCC_NO_COMMON_BLOCKS = YES;
				GCC_OPTIMIZATION_LEVEL = 0;
				GCC_PREPROCESSOR_DEFINITIONS = (
					"DEBUG=1",
					"$(inherited)",
				);
				GCC_WARN_64_TO_32_BIT_CONVERSION = YES;
				GCC_WARN_ABOUT_RETURN_TYPE = YES_ERROR;
				GCC_WARN_UNDECLARED_SELECTOR = YES;
				GCC_WARN_UNINITIALIZED_AUTOS = YES_AGGRESSIVE;
				GCC_WARN_UNUSED_FUNCTION = YES;
				GCC_WARN_UNUSED_VARIABLE = YES;
				IPHONEOS_DEPLOYMENT_TARGET = 10.2;
				MTL_ENABLE_DEBUG_INFO = YES;
				ONLY_ACTIVE_ARCH = YES;
				SDKROOT = iphoneos;
				SWIFT_ACTIVE_COMPILATION_CONDITIONS = DEBUG;
				SWIFT_OPTIMIZATION_LEVEL = "-Onone";
			};
			name = Debug;
		};
		9FDB1F8D1E24E09A001BE022 /* Release */ = {
			isa = XCBuildConfiguration;
			buildSettings = {
				ALWAYS_SEARCH_USER_PATHS = NO;
				CLANG_ANALYZER_NONNULL = YES;
				CLANG_CXX_LANGUAGE_STANDARD = "gnu++0x";
				CLANG_CXX_LIBRARY = "libc++";
				CLANG_ENABLE_MODULES = YES;
				CLANG_ENABLE_OBJC_ARC = YES;
				CLANG_WARN_BOOL_CONVERSION = YES;
				CLANG_WARN_CONSTANT_CONVERSION = YES;
				CLANG_WARN_DIRECT_OBJC_ISA_USAGE = YES_ERROR;
				CLANG_WARN_DOCUMENTATION_COMMENTS = YES;
				CLANG_WARN_EMPTY_BODY = YES;
				CLANG_WARN_ENUM_CONVERSION = YES;
				CLANG_WARN_INFINITE_RECURSION = YES;
				CLANG_WARN_INT_CONVERSION = YES;
				CLANG_WARN_OBJC_ROOT_CLASS = YES_ERROR;
				CLANG_WARN_SUSPICIOUS_MOVE = YES;
				CLANG_WARN_UNREACHABLE_CODE = YES;
				CLANG_WARN__DUPLICATE_METHOD_MATCH = YES;
				"CODE_SIGN_IDENTITY[sdk=iphoneos*]" = "iPhone Developer";
				COPY_PHASE_STRIP = NO;
				DEBUG_INFORMATION_FORMAT = "dwarf-with-dsym";
				ENABLE_NS_ASSERTIONS = NO;
				ENABLE_STRICT_OBJC_MSGSEND = YES;
				GCC_C_LANGUAGE_STANDARD = gnu99;
				GCC_NO_COMMON_BLOCKS = YES;
				GCC_WARN_64_TO_32_BIT_CONVERSION = YES;
				GCC_WARN_ABOUT_RETURN_TYPE = YES_ERROR;
				GCC_WARN_UNDECLARED_SELECTOR = YES;
				GCC_WARN_UNINITIALIZED_AUTOS = YES_AGGRESSIVE;
				GCC_WARN_UNUSED_FUNCTION = YES;
				GCC_WARN_UNUSED_VARIABLE = YES;
				IPHONEOS_DEPLOYMENT_TARGET = 10.2;
				MTL_ENABLE_DEBUG_INFO = NO;
				SDKROOT = iphoneos;
				SWIFT_OPTIMIZATION_LEVEL = "-Owholemodule";
				VALIDATE_PRODUCT = YES;
			};
			name = Release;
		};
		9FDB1F8F1E24E09A001BE022 /* Debug */ = {
			isa = XCBuildConfiguration;
			buildSettings = {
				ASSETCATALOG_COMPILER_APPICON_NAME = AppIcon;
				INFOPLIST_FILE = XMPopupListView_Swift/Info.plist;
				LD_RUNPATH_SEARCH_PATHS = "$(inherited) @executable_path/Frameworks";
				PRODUCT_BUNDLE_IDENTIFIER = "Mazy.XMPopupListView-Swift";
				PRODUCT_NAME = "$(TARGET_NAME)";
				SWIFT_VERSION = 3.0;
			};
			name = Debug;
		};
		9FDB1F901E24E09A001BE022 /* Release */ = {
			isa = XCBuildConfiguration;
			buildSettings = {
				ASSETCATALOG_COMPILER_APPICON_NAME = AppIcon;
				INFOPLIST_FILE = XMPopupListView_Swift/Info.plist;
				LD_RUNPATH_SEARCH_PATHS = "$(inherited) @executable_path/Frameworks";
				PRODUCT_BUNDLE_IDENTIFIER = "Mazy.XMPopupListView-Swift";
				PRODUCT_NAME = "$(TARGET_NAME)";
				SWIFT_VERSION = 3.0;
			};
			name = Release;
		};
/* End XCBuildConfiguration section */

/* Begin XCConfigurationList section */
		9FDB1F771E24E09A001BE022 /* Build configuration list for PBXProject "XMPopupListView_Swift" */ = {
			isa = XCConfigurationList;
			buildConfigurations = (
				9FDB1F8C1E24E09A001BE022 /* Debug */,
				9FDB1F8D1E24E09A001BE022 /* Release */,
			);
			defaultConfigurationIsVisible = 0;
			defaultConfigurationName = Release;
		};
		9FDB1F8E1E24E09A001BE022 /* Build configuration list for PBXNativeTarget "XMPopupListView_Swift" */ = {
			isa = XCConfigurationList;
			buildConfigurations = (
				9FDB1F8F1E24E09A001BE022 /* Debug */,
				9FDB1F901E24E09A001BE022 /* Release */,
			);
			defaultConfigurationIsVisible = 0;
		};
/* End XCConfigurationList section */
	};
	rootObject = 9FDB1F741E24E09A001BE022 /* Project object */;
}
